
Microsoft Visual Studio Solution File, Format Version 12.00
# Visual Studio Version 17
VisualStudioVersion = 17.11.35208.52
MinimumVisualStudioVersion = 10.0.40219.1
Project("{FAE04EC0-301F-11D3-BF4B-00C04F79EFBC}") = "Dns", "Dns\Dns.csproj", "{3D14E71B-F651-49EA-AF40-52E5BA518BDB}"
EndProject
Global
	GlobalSection(SolutionConfigurationPlatforms) = preSolution
		Debug|Any CPU = Debug|Any CPU
		Release|Any CPU = Release|Any CPU
	EndGlobalSection
	GlobalSection(ProjectConfigurationPlatforms) = postSolution
		{3D14E71B-F651-49EA-AF40-52E5BA518BDB}.Debug|Any CPU.ActiveCfg = Debug|Any CPU
		{3D14E71B-F651-49EA-AF40-52E5BA518BDB}.Debug|Any CPU.Build.0 = Debug|Any CPU
		{3D14E71B-F651-49EA-AF40-52E5BA518BDB}.Release|Any CPU.ActiveCfg = Release|Any CPU
		{3D14E71B-F651-49EA-AF40-52E5BA518BDB}.Release|Any CPU.Build.0 = Release|Any CPU
	EndGlobalSection
	GlobalSection(SolutionProperties) = preSolution
		HideSolutionNode = FALSE
	EndGlobalSection
	GlobalSection(ExtensibilityGlobals) = postSolution
		SolutionGuid = {48023CF8-7941-44FC-8E31-2809476B841A}
	EndGlobalSection
EndGlobal
